
Microsoft Visual Studio Solution File, Format Version 12.00
# Visual Studio 2013
VisualStudioVersion = 12.0.31101.0
MinimumVisualStudioVersion = 10.0.40219.1
Project("{FAE04EC0-301F-11D3-BF4B-00C04F79EFBC}") = "Portal", "DesignSample\Portal.csproj", "{544E7A41-B774-49F9-851B-4E7E6B0BAC5F}"
EndProject
Project("{2150E333-8FDC-42A3-9474-1A3956D46DE8}") = "Testing", "Testing", "{6D0797C5-69AF-4542-957C-4DE1F683424C}"
EndProject
Project("{FAE04EC0-301F-11D3-BF4B-00C04F79EFBC}") = "SupportMe", "SupportMe\SupportMe.csproj", "{7EBF7CAA-E013-4980-909B-1937E270DF07}"
EndProject
Project("{FAE04EC0-301F-11D3-BF4B-00C04F79EFBC}") = "Unit", "Unit\Unit.csproj", "{7D212A1E-34B6-4EF6-87EB-70A3E1092816}"
EndProject
Global
	GlobalSection(SolutionConfigurationPlatforms) = preSolution
		Debug|Any CPU = Debug|Any CPU
		Release|Any CPU = Release|Any CPU
	EndGlobalSection
	GlobalSection(ProjectConfigurationPlatforms) = postSolution
		{544E7A41-B774-49F9-851B-4E7E6B0BAC5F}.Debug|Any CPU.ActiveCfg = Debug|Any CPU
		{544E7A41-B774-49F9-851B-4E7E6B0BAC5F}.Debug|Any CPU.Build.0 = Debug|Any CPU
		{544E7A41-B774-49F9-851B-4E7E6B0BAC5F}.Release|Any CPU.ActiveCfg = Release|Any CPU
		{544E7A41-B774-49F9-851B-4E7E6B0BAC5F}.Release|Any CPU.Build.0 = Release|Any CPU
		{7EBF7CAA-E013-4980-909B-1937E270DF07}.Debug|Any CPU.ActiveCfg = Debug|Any CPU
		{7EBF7CAA-E013-4980-909B-1937E270DF07}.Debug|Any CPU.Build.0 = Debug|Any CPU
		{7EBF7CAA-E013-4980-909B-1937E270DF07}.Release|Any CPU.ActiveCfg = Release|Any CPU
		{7EBF7CAA-E013-4980-909B-1937E270DF07}.Release|Any CPU.Build.0 = Release|Any CPU
		{7D212A1E-34B6-4EF6-87EB-70A3E1092816}.Debug|Any CPU.ActiveCfg = Debug|Any CPU
		{7D212A1E-34B6-4EF6-87EB-70A3E1092816}.Debug|Any CPU.Build.0 = Debug|Any CPU
		{7D212A1E-34B6-4EF6-87EB-70A3E1092816}.Release|Any CPU.ActiveCfg = Release|Any CPU
		{7D212A1E-34B6-4EF6-87EB-70A3E1092816}.Release|Any CPU.Build.0 = Release|Any CPU
	EndGlobalSection
	GlobalSection(SolutionProperties) = preSolution
		HideSolutionNode = FALSE
	EndGlobalSection
	GlobalSection(NestedProjects) = preSolution
		{7D212A1E-34B6-4EF6-87EB-70A3E1092816} = {6D0797C5-69AF-4542-957C-4DE1F683424C}
	EndGlobalSection
EndGlobal
